<?xml version="1.0" encoding="utf-8"?>
<Solution>
  <Header>
    <Name>BengosRestaurantApp</Name>
    <Version>1.0</Version>
  </Header>
  <Projects>
    <Project>
      <Name>BengosRestaurantApp</Name>
      <Path>BengosRestaurantApp.csproj</Path>
      <Type>KnownProjectTypeGuid.DotNetSdk</Type>
    </Project>
  </Projects>
</Solution>
